schema: '2.0'
stages:
  data_ingestion:
    cmd: python src/data_ingestion.py
    deps:
    - path: src/data_ingestion.py
      hash: md5
      md5: 5b95ebb760dd9b5bad2c46379af468ae
      size: 3668
    params:
      params.yaml:
        data_ingestion.test_size: 0.21
    outs:
    - path: data/raw
      hash: md5
      md5: 4f8ed12448f912122e61579897c4099f.dir
      size: 484846
      nfiles: 2
  data_preprocessing:
    cmd: python src/data_preprocessing.py
    deps:
    - path: data/raw
      hash: md5
      md5: 4f8ed12448f912122e61579897c4099f.dir
      size: 484846
      nfiles: 2
    - path: src/data_preprocessing.py
      hash: md5
      md5: e29fd52d033088242f8ed633657c780f
      size: 4037
    outs:
    - path: data/interim
      hash: md5
      md5: b4f97c417a52c607b4a413bdef8e0da1.dir
      size: 260499
      nfiles: 2
  feature_engineering:
    cmd: python src/feature_engineering.py
    deps:
    - path: data/interim
      hash: md5
      md5: b4f97c417a52c607b4a413bdef8e0da1.dir
      size: 260499
      nfiles: 2
    - path: src/feature_engineering.py
      hash: md5
      md5: cf8448c21ab5f64a81b288de0c331814
      size: 3910
    params:
      params.yaml:
        feature_engineering.max_features: 75
    outs:
    - path: data/processed
      hash: md5
      md5: 0e1f95975f6e37efa995eb9ce05fa199.dir
      size: 1746186
      nfiles: 2
  model_building:
    cmd: python src/model_building.py
    deps:
    - path: data/processed
      hash: md5
      md5: 0e1f95975f6e37efa995eb9ce05fa199.dir
      size: 1746186
      nfiles: 2
    - path: src/model_building.py
      hash: md5
      md5: f90affe63157adb7fffe90e270b87cc9
      size: 4481
    params:
      params.yaml:
        model_building.n_estimators: 30
        model_building.random_state: 2
    outs:
    - path: models/model.pkl
      hash: md5
      md5: 5884625b6ad462917dc459e86deec724
      size: 1455626
  model_evaluation:
    cmd: python src/model_evaluation.py
    deps:
    - path: models/model.pkl
      hash: md5
      md5: 5884625b6ad462917dc459e86deec724
      size: 1455626
    - path: src/model_evaluation.py
      hash: md5
      md5: fa233c6ed1353952031cbfa4ee993789
      size: 4658
    outs:
    - path: reports/metrics.json
      hash: md5
      md5: ebbe5da1c0efd50c7cf86fe67816734f
      size: 134
